
Microsoft Visual Studio Solution File, Format Version 12.00
# Visual Studio Version 17
VisualStudioVersion = 17.9.34714.143
MinimumVisualStudioVersion = 10.0.40219.1
Project("{FAE04EC0-301F-11D3-BF4B-00C04F79EFBC}") = "RomanToInteger", "RomanToInteger\RomanToInteger.csproj", "{6CD31302-73CF-4888-8DD2-FE16952D0BE8}"
EndProject
Global
	GlobalSection(SolutionConfigurationPlatforms) = preSolution
		Debug|Any CPU = Debug|Any CPU
		Release|Any CPU = Release|Any CPU
	EndGlobalSection
	GlobalSection(ProjectConfigurationPlatforms) = postSolution
		{6CD31302-73CF-4888-8DD2-FE16952D0BE8}.Debug|Any CPU.ActiveCfg = Debug|Any CPU
		{6CD31302-73CF-4888-8DD2-FE16952D0BE8}.Debug|Any CPU.Build.0 = Debug|Any CPU
		{6CD31302-73CF-4888-8DD2-FE16952D0BE8}.Release|Any CPU.ActiveCfg = Release|Any CPU
		{6CD31302-73CF-4888-8DD2-FE16952D0BE8}.Release|Any CPU.Build.0 = Release|Any CPU
	EndGlobalSection
	GlobalSection(SolutionProperties) = preSolution
		HideSolutionNode = FALSE
	EndGlobalSection
	GlobalSection(ExtensibilityGlobals) = postSolution
		SolutionGuid = {A20B2E7A-FA9A-4F82-8A4B-7C5FB6C3D7F0}
	EndGlobalSection
EndGlobal
